
Microsoft Visual Studio Solution File, Format Version 12.00
# Visual Studio 15
VisualStudioVersion = 15.0.27130.2024
MinimumVisualStudioVersion = 10.0.40219.1
Project("{2150E333-8FDC-42A3-9474-1A3956D46DE8}") = "1-Presentation", "1-Presentation", "{1BDD72EA-F258-4FAC-AFEB-989CB5A969C2}"
EndProject
Project("{2150E333-8FDC-42A3-9474-1A3956D46DE8}") = "2-Services", "2-Services", "{79AD8765-71C3-48FE-ACF5-82641B43CDA1}"
EndProject
Project("{2150E333-8FDC-42A3-9474-1A3956D46DE8}") = "3-Application", "3-Application", "{8B8A41C9-6998-495A-A11E-47C6BA5CCEAF}"
EndProject
Project("{2150E333-8FDC-42A3-9474-1A3956D46DE8}") = "4-Domain", "4-Domain", "{011CD2C7-D3E3-4A7C-A3DF-BD7F29823F63}"
EndProject
Project("{2150E333-8FDC-42A3-9474-1A3956D46DE8}") = "5-Infra", "5-Infra", "{6F680235-4896-4310-8969-2B876A6B374D}"
EndProject
Project("{2150E333-8FDC-42A3-9474-1A3956D46DE8}") = "6-Sso", "6-Sso", "{C51C1997-89ED-4BAB-879A-8F527C20C4B5}"
EndProject
Project("{2150E333-8FDC-42A3-9474-1A3956D46DE8}") = "7-CrossCuting", "7-CrossCuting", "{59E331DC-2E90-4938-8D93-DECCFE06CC79}"
EndProject
Project("{2150E333-8FDC-42A3-9474-1A3956D46DE8}") = "9-Generator", "9-Generator", "{11C89BE7-58AF-45DA-AE92-69AF95C2BF47}"
EndProject
Project("{9A19103F-16F7-4668-BE54-9A1E7A4F7556}") = "Calemas.Erp.Api", "Calemas.Erp.Api\Calemas.Erp.Api.csproj", "{62327439-5422-42AB-96E5-4058B2D5D3BF}"
EndProject
Project("{9A19103F-16F7-4668-BE54-9A1E7A4F7556}") = "Calemas.Erp.Application", "Calemas.Erp.Application\Calemas.Erp.Application.csproj", "{0732E65D-A9BB-46F0-8190-13A4F12FB7DB}"
EndProject
Project("{9A19103F-16F7-4668-BE54-9A1E7A4F7556}") = "Calemas.Erp.Dto", "Calemas.Erp.Dto\Calemas.Erp.Dto.csproj", "{F4EF48E6-6021-40FF-B943-6724302A5FA1}"
EndProject
Project("{9A19103F-16F7-4668-BE54-9A1E7A4F7556}") = "Calemas.Erp.Domain", "Calemas.Erp.Domain\Calemas.Erp.Domain.csproj", "{587CF8FE-5090-459D-AF70-50D665BAADE9}"
EndProject
Project("{9A19103F-16F7-4668-BE54-9A1E7A4F7556}") = "Calemas.Erp.Filter", "Calemas.Erp.Filter\Calemas.Erp.Filter.csproj", "{2AA54B4A-AEAA-4409-88FC-1AACAF431F23}"
EndProject
Project("{9A19103F-16F7-4668-BE54-9A1E7A4F7556}") = "Calemas.Erp.Summary", "Calemas.Erp.Summary\Calemas.Erp.Summary.csproj", "{D888493A-DF0C-42AB-913A-F91B32F197AA}"
EndProject
Project("{9A19103F-16F7-4668-BE54-9A1E7A4F7556}") = "Calemas.Erp.Data", "Calemas.Erp.Data\Calemas.Erp.Data.csproj", "{60568E72-8D22-47F8-9750-45374FD5404F}"
EndProject
Project("{FAE04EC0-301F-11D3-BF4B-00C04F79EFBC}") = "Calemas.Erp.Gen", "Calemas.Erp.Gen\Calemas.Erp.Gen.csproj", "{F088C745-6203-4F98-8867-DC9A9BE7ECAC}"
EndProject
Project("{9A19103F-16F7-4668-BE54-9A1E7A4F7556}") = "Common.API", "Common\Common.API\Common.API.csproj", "{9568AD63-3CAC-4E50-B8CC-BA99B964A249}"
EndProject
Project("{9A19103F-16F7-4668-BE54-9A1E7A4F7556}") = "Common.Cache", "Common\Common.Cache\Common.Cache.csproj", "{D817B45A-C689-4B3D-A9DC-ECD6FF07556A}"
EndProject
Project("{9A19103F-16F7-4668-BE54-9A1E7A4F7556}") = "Common.Domain", "Common\Common.Domain\Common.Domain.csproj", "{687F363D-8E2E-441F-B5E0-DBDA0E436228}"
EndProject
Project("{9A19103F-16F7-4668-BE54-9A1E7A4F7556}") = "Common.Dto", "Common\Common.Dto\Common.Dto.csproj", "{E0EEF1D0-AD7B-4A9F-99F4-98B9AC31DE9C}"
EndProject
Project("{9A19103F-16F7-4668-BE54-9A1E7A4F7556}") = "Common.Orm", "Common\Common.Orm\Common.Orm.csproj", "{7371024F-8EA9-4FCB-8720-8D5C4EF4BB7E}"
EndProject
Project("{9A19103F-16F7-4668-BE54-9A1E7A4F7556}") = "Common.Validation", "Common\Common.Validation\Common.Validation.csproj", "{A2195BFC-766E-4BDD-B58D-B6911DDE6857}"
EndProject
Project("{9A19103F-16F7-4668-BE54-9A1E7A4F7556}") = "Calemas.Erp.Enums", "Calemas.Erp.Enums\Calemas.Erp.Enums.csproj", "{146A51DF-CB44-445D-95F1-5ADC34BF647A}"
EndProject
Project("{E24C65DC-7377-472B-9ABA-BC803B73C61A}") = "Calemas.Erp.Ui", "Calemas.Erp.Ui\", "{3ABEE050-694D-43AE-B63F-83A47276D840}"
	ProjectSection(WebsiteProperties) = preProject
		TargetFrameworkMoniker = ".NETFramework,Version%3Dv4.0"
		Debug.AspNetCompiler.VirtualPath = "/localhost_62013"
		Debug.AspNetCompiler.PhysicalPath = "Calemas.Erp.Ui\"
		Debug.AspNetCompiler.TargetPath = "PrecompiledWeb\localhost_62013\"
		Debug.AspNetCompiler.Updateable = "true"
		Debug.AspNetCompiler.ForceOverwrite = "true"
		Debug.AspNetCompiler.FixedNames = "false"
		Debug.AspNetCompiler.Debug = "True"
		Release.AspNetCompiler.VirtualPath = "/localhost_62013"
		Release.AspNetCompiler.PhysicalPath = "Calemas.Erp.Ui\"
		Release.AspNetCompiler.TargetPath = "PrecompiledWeb\localhost_62013\"
		Release.AspNetCompiler.Updateable = "true"
		Release.AspNetCompiler.ForceOverwrite = "true"
		Release.AspNetCompiler.FixedNames = "false"
		Release.AspNetCompiler.Debug = "False"
		VWDPort = "62013"
		SlnRelativePath = "Calemas.Erp.Ui\"
	EndProjectSection
EndProject
Project("{00D1A9C2-B5F0-4AF3-8072-F6C62B433612}") = "Calemas.Erp.Database", "Calemas.Erp.Database\Calemas.Erp.Database.sqlproj", "{E80D8366-1F49-48E1-B61D-90ED1092C856}"
EndProject
Project("{9A19103F-16F7-4668-BE54-9A1E7A4F7556}") = "Calemas.Erp.Sso.Api", "Calemas.Erp.Sso.Api\Calemas.Erp.Sso.Api.csproj", "{AC8EE158-F411-44CD-9481-44E1F43EE95B}"
EndProject
Project("{2150E333-8FDC-42A3-9474-1A3956D46DE8}") = "8-Common", "8-Common", "{8497F8A9-8E33-4407-A6F7-4323713FEB36}"
EndProject
Project("{9A19103F-16F7-4668-BE54-9A1E7A4F7556}") = "Calemas.Erp.CrossCuting", "Calemas.Erp.CrossCuting\Calemas.Erp.CrossCuting.csproj", "{11B91DCC-82DD-4A27-9DB3-23EBEEF54DD6}"
EndProject
Global
	GlobalSection(SolutionConfigurationPlatforms) = preSolution
		Azure|Any CPU = Azure|Any CPU
		Debug|Any CPU = Debug|Any CPU
		Homolog|Any CPU = Homolog|Any CPU
		Migration|Any CPU = Migration|Any CPU
		Pre-Production|Any CPU = Pre-Production|Any CPU
		Release|Any CPU = Release|Any CPU
	EndGlobalSection
	GlobalSection(ProjectConfigurationPlatforms) = postSolution
		{62327439-5422-42AB-96E5-4058B2D5D3BF}.Azure|Any CPU.ActiveCfg = Release|Any CPU
		{62327439-5422-42AB-96E5-4058B2D5D3BF}.Azure|Any CPU.Build.0 = Release|Any CPU
		{62327439-5422-42AB-96E5-4058B2D5D3BF}.Debug|Any CPU.ActiveCfg = Debug|Any CPU
		{62327439-5422-42AB-96E5-4058B2D5D3BF}.Debug|Any CPU.Build.0 = Debug|Any CPU
		{62327439-5422-42AB-96E5-4058B2D5D3BF}.Homolog|Any CPU.ActiveCfg = Release|Any CPU
		{62327439-5422-42AB-96E5-4058B2D5D3BF}.Homolog|Any CPU.Build.0 = Release|Any CPU
		{62327439-5422-42AB-96E5-4058B2D5D3BF}.Migration|Any CPU.ActiveCfg = Release|Any CPU
		{62327439-5422-42AB-96E5-4058B2D5D3BF}.Migration|Any CPU.Build.0 = Release|Any CPU
		{62327439-5422-42AB-96E5-4058B2D5D3BF}.Pre-Production|Any CPU.ActiveCfg = Release|Any CPU
		{62327439-5422-42AB-96E5-4058B2D5D3BF}.Pre-Production|Any CPU.Build.0 = Release|Any CPU
		{62327439-5422-42AB-96E5-4058B2D5D3BF}.Release|Any CPU.ActiveCfg = Release|Any CPU
		{62327439-5422-42AB-96E5-4058B2D5D3BF}.Release|Any CPU.Build.0 = Release|Any CPU
		{0732E65D-A9BB-46F0-8190-13A4F12FB7DB}.Azure|Any CPU.ActiveCfg = Release|Any CPU
		{0732E65D-A9BB-46F0-8190-13A4F12FB7DB}.Azure|Any CPU.Build.0 = Release|Any CPU
		{0732E65D-A9BB-46F0-8190-13A4F12FB7DB}.Debug|Any CPU.ActiveCfg = Debug|Any CPU
		{0732E65D-A9BB-46F0-8190-13A4F12FB7DB}.Debug|Any CPU.Build.0 = Debug|Any CPU
		{0732E65D-A9BB-46F0-8190-13A4F12FB7DB}.Homolog|Any CPU.ActiveCfg = Release|Any CPU
		{0732E65D-A9BB-46F0-8190-13A4F12FB7DB}.Homolog|Any CPU.Build.0 = Release|Any CPU
		{0732E65D-A9BB-46F0-8190-13A4F12FB7DB}.Migration|Any CPU.ActiveCfg = Release|Any CPU
		{0732E65D-A9BB-46F0-8190-13A4F12FB7DB}.Migration|Any CPU.Build.0 = Release|Any CPU
		{0732E65D-A9BB-46F0-8190-13A4F12FB7DB}.Pre-Production|Any CPU.ActiveCfg = Release|Any CPU
		{0732E65D-A9BB-46F0-8190-13A4F12FB7DB}.Pre-Production|Any CPU.Build.0 = Release|Any CPU
		{0732E65D-A9BB-46F0-8190-13A4F12FB7DB}.Release|Any CPU.ActiveCfg = Release|Any CPU
		{0732E65D-A9BB-46F0-8190-13A4F12FB7DB}.Release|Any CPU.Build.0 = Release|Any CPU
		{F4EF48E6-6021-40FF-B943-6724302A5FA1}.Azure|Any CPU.ActiveCfg = Release|Any CPU
		{F4EF48E6-6021-40FF-B943-6724302A5FA1}.Azure|Any CPU.Build.0 = Release|Any CPU
		{F4EF48E6-6021-40FF-B943-6724302A5FA1}.Debug|Any CPU.ActiveCfg = Debug|Any CPU
		{F4EF48E6-6021-40FF-B943-6724302A5FA1}.Debug|Any CPU.Build.0 = Debug|Any CPU
		{F4EF48E6-6021-40FF-B943-6724302A5FA1}.Homolog|Any CPU.ActiveCfg = Release|Any CPU
		{F4EF48E6-6021-40FF-B943-6724302A5FA1}.Homolog|Any CPU.Build.0 = Release|Any CPU
		{F4EF48E6-6021-40FF-B943-6724302A5FA1}.Migration|Any CPU.ActiveCfg = Release|Any CPU
		{F4EF48E6-6021-40FF-B943-6724302A5FA1}.Migration|Any CPU.Build.0 = Release|Any CPU
		{F4EF48E6-6021-40FF-B943-6724302A5FA1}.Pre-Production|Any CPU.ActiveCfg = Release|Any CPU
		{F4EF48E6-6021-40FF-B943-6724302A5FA1}.Pre-Production|Any CPU.Build.0 = Release|Any CPU
		{F4EF48E6-6021-40FF-B943-6724302A5FA1}.Release|Any CPU.ActiveCfg = Release|Any CPU
		{F4EF48E6-6021-40FF-B943-6724302A5FA1}.Release|Any CPU.Build.0 = Release|Any CPU
		{587CF8FE-5090-459D-AF70-50D665BAADE9}.Azure|Any CPU.ActiveCfg = Release|Any CPU
		{587CF8FE-5090-459D-AF70-50D665BAADE9}.Azure|Any CPU.Build.0 = Release|Any CPU
		{587CF8FE-5090-459D-AF70-50D665BAADE9}.Debug|Any CPU.ActiveCfg = Debug|Any CPU
		{587CF8FE-5090-459D-AF70-50D665BAADE9}.Debug|Any CPU.Build.0 = Debug|Any CPU
		{587CF8FE-5090-459D-AF70-50D665BAADE9}.Homolog|Any CPU.ActiveCfg = Release|Any CPU
		{587CF8FE-5090-459D-AF70-50D665BAADE9}.Homolog|Any CPU.Build.0 = Release|Any CPU
		{587CF8FE-5090-459D-AF70-50D665BAADE9}.Migration|Any CPU.ActiveCfg = Release|Any CPU
		{587CF8FE-5090-459D-AF70-50D665BAADE9}.Migration|Any CPU.Build.0 = Release|Any CPU
		{587CF8FE-5090-459D-AF70-50D665BAADE9}.Pre-Production|Any CPU.ActiveCfg = Release|Any CPU
		{587CF8FE-5090-459D-AF70-50D665BAADE9}.Pre-Production|Any CPU.Build.0 = Release|Any CPU
		{587CF8FE-5090-459D-AF70-50D665BAADE9}.Release|Any CPU.ActiveCfg = Release|Any CPU
		{587CF8FE-5090-459D-AF70-50D665BAADE9}.Release|Any CPU.Build.0 = Release|Any CPU
		{2AA54B4A-AEAA-4409-88FC-1AACAF431F23}.Azure|Any CPU.ActiveCfg = Release|Any CPU
		{2AA54B4A-AEAA-4409-88FC-1AACAF431F23}.Azure|Any CPU.Build.0 = Release|Any CPU
		{2AA54B4A-AEAA-4409-88FC-1AACAF431F23}.Debug|Any CPU.ActiveCfg = Debug|Any CPU
		{2AA54B4A-AEAA-4409-88FC-1AACAF431F23}.Debug|Any CPU.Build.0 = Debug|Any CPU
		{2AA54B4A-AEAA-4409-88FC-1AACAF431F23}.Homolog|Any CPU.ActiveCfg = Release|Any CPU
		{2AA54B4A-AEAA-4409-88FC-1AACAF431F23}.Homolog|Any CPU.Build.0 = Release|Any CPU
		{2AA54B4A-AEAA-4409-88FC-1AACAF431F23}.Migration|Any CPU.ActiveCfg = Release|Any CPU
		{2AA54B4A-AEAA-4409-88FC-1AACAF431F23}.Migration|Any CPU.Build.0 = Release|Any CPU
		{2AA54B4A-AEAA-4409-88FC-1AACAF431F23}.Pre-Production|Any CPU.ActiveCfg = Release|Any CPU
		{2AA54B4A-AEAA-4409-88FC-1AACAF431F23}.Pre-Production|Any CPU.Build.0 = Release|Any CPU
		{2AA54B4A-AEAA-4409-88FC-1AACAF431F23}.Release|Any CPU.ActiveCfg = Release|Any CPU
		{2AA54B4A-AEAA-4409-88FC-1AACAF431F23}.Release|Any CPU.Build.0 = Release|Any CPU
		{D888493A-DF0C-42AB-913A-F91B32F197AA}.Azure|Any CPU.ActiveCfg = Release|Any CPU
		{D888493A-DF0C-42AB-913A-F91B32F197AA}.Azure|Any CPU.Build.0 = Release|Any CPU
		{D888493A-DF0C-42AB-913A-F91B32F197AA}.Debug|Any CPU.ActiveCfg = Debug|Any CPU
		{D888493A-DF0C-42AB-913A-F91B32F197AA}.Debug|Any CPU.Build.0 = Debug|Any CPU
		{D888493A-DF0C-42AB-913A-F91B32F197AA}.Homolog|Any CPU.ActiveCfg = Release|Any CPU
		{D888493A-DF0C-42AB-913A-F91B32F197AA}.Homolog|Any CPU.Build.0 = Release|Any CPU
		{D888493A-DF0C-42AB-913A-F91B32F197AA}.Migration|Any CPU.ActiveCfg = Release|Any CPU
		{D888493A-DF0C-42AB-913A-F91B32F197AA}.Migration|Any CPU.Build.0 = Release|Any CPU
		{D888493A-DF0C-42AB-913A-F91B32F197AA}.Pre-Production|Any CPU.ActiveCfg = Release|Any CPU
		{D888493A-DF0C-42AB-913A-F91B32F197AA}.Pre-Production|Any CPU.Build.0 = Release|Any CPU
		{D888493A-DF0C-42AB-913A-F91B32F197AA}.Release|Any CPU.ActiveCfg = Release|Any CPU
		{D888493A-DF0C-42AB-913A-F91B32F197AA}.Release|Any CPU.Build.0 = Release|Any CPU
		{60568E72-8D22-47F8-9750-45374FD5404F}.Azure|Any CPU.ActiveCfg = Release|Any CPU
		{60568E72-8D22-47F8-9750-45374FD5404F}.Azure|Any CPU.Build.0 = Release|Any CPU
		{60568E72-8D22-47F8-9750-45374FD5404F}.Debug|Any CPU.ActiveCfg = Debug|Any CPU
		{60568E72-8D22-47F8-9750-45374FD5404F}.Debug|Any CPU.Build.0 = Debug|Any CPU
		{60568E72-8D22-47F8-9750-45374FD5404F}.Homolog|Any CPU.ActiveCfg = Release|Any CPU
		{60568E72-8D22-47F8-9750-45374FD5404F}.Homolog|Any CPU.Build.0 = Release|Any CPU
		{60568E72-8D22-47F8-9750-45374FD5404F}.Migration|Any CPU.ActiveCfg = Release|Any CPU
		{60568E72-8D22-47F8-9750-45374FD5404F}.Migration|Any CPU.Build.0 = Release|Any CPU
		{60568E72-8D22-47F8-9750-45374FD5404F}.Pre-Production|Any CPU.ActiveCfg = Release|Any CPU
		{60568E72-8D22-47F8-9750-45374FD5404F}.Pre-Production|Any CPU.Build.0 = Release|Any CPU
		{60568E72-8D22-47F8-9750-45374FD5404F}.Release|Any CPU.ActiveCfg = Release|Any CPU
		{60568E72-8D22-47F8-9750-45374FD5404F}.Release|Any CPU.Build.0 = Release|Any CPU
		{F088C745-6203-4F98-8867-DC9A9BE7ECAC}.Azure|Any CPU.ActiveCfg = Azure|Any CPU
		{F088C745-6203-4F98-8867-DC9A9BE7ECAC}.Azure|Any CPU.Build.0 = Azure|Any CPU
		{F088C745-6203-4F98-8867-DC9A9BE7ECAC}.Debug|Any CPU.ActiveCfg = Debug|Any CPU
		{F088C745-6203-4F98-8867-DC9A9BE7ECAC}.Debug|Any CPU.Build.0 = Debug|Any CPU
		{F088C745-6203-4F98-8867-DC9A9BE7ECAC}.Homolog|Any CPU.ActiveCfg = Homolog|Any CPU
		{F088C745-6203-4F98-8867-DC9A9BE7ECAC}.Homolog|Any CPU.Build.0 = Homolog|Any CPU
		{F088C745-6203-4F98-8867-DC9A9BE7ECAC}.Migration|Any CPU.ActiveCfg = Migration|Any CPU
		{F088C745-6203-4F98-8867-DC9A9BE7ECAC}.Migration|Any CPU.Build.0 = Migration|Any CPU
		{F088C745-6203-4F98-8867-DC9A9BE7ECAC}.Pre-Production|Any CPU.ActiveCfg = Pre-Production|Any CPU
		{F088C745-6203-4F98-8867-DC9A9BE7ECAC}.Pre-Production|Any CPU.Build.0 = Pre-Production|Any CPU
		{F088C745-6203-4F98-8867-DC9A9BE7ECAC}.Release|Any CPU.ActiveCfg = Release|Any CPU
		{F088C745-6203-4F98-8867-DC9A9BE7ECAC}.Release|Any CPU.Build.0 = Release|Any CPU
		{9568AD63-3CAC-4E50-B8CC-BA99B964A249}.Azure|Any CPU.ActiveCfg = Debug|Any CPU
		{9568AD63-3CAC-4E50-B8CC-BA99B964A249}.Azure|Any CPU.Build.0 = Debug|Any CPU
		{9568AD63-3CAC-4E50-B8CC-BA99B964A249}.Debug|Any CPU.ActiveCfg = Debug|Any CPU
		{9568AD63-3CAC-4E50-B8CC-BA99B964A249}.Debug|Any CPU.Build.0 = Debug|Any CPU
		{9568AD63-3CAC-4E50-B8CC-BA99B964A249}.Homolog|Any CPU.ActiveCfg = Debug|Any CPU
		{9568AD63-3CAC-4E50-B8CC-BA99B964A249}.Homolog|Any CPU.Build.0 = Debug|Any CPU
		{9568AD63-3CAC-4E50-B8CC-BA99B964A249}.Migration|Any CPU.ActiveCfg = Debug|Any CPU
		{9568AD63-3CAC-4E50-B8CC-BA99B964A249}.Migration|Any CPU.Build.0 = Debug|Any CPU
		{9568AD63-3CAC-4E50-B8CC-BA99B964A249}.Pre-Production|Any CPU.ActiveCfg = Debug|Any CPU
		{9568AD63-3CAC-4E50-B8CC-BA99B964A249}.Pre-Production|Any CPU.Build.0 = Debug|Any CPU
		{9568AD63-3CAC-4E50-B8CC-BA99B964A249}.Release|Any CPU.ActiveCfg = Release|Any CPU
		{9568AD63-3CAC-4E50-B8CC-BA99B964A249}.Release|Any CPU.Build.0 = Release|Any CPU
		{D817B45A-C689-4B3D-A9DC-ECD6FF07556A}.Azure|Any CPU.ActiveCfg = Debug|Any CPU
		{D817B45A-C689-4B3D-A9DC-ECD6FF07556A}.Azure|Any CPU.Build.0 = Debug|Any CPU
		{D817B45A-C689-4B3D-A9DC-ECD6FF07556A}.Debug|Any CPU.ActiveCfg = Debug|Any CPU
		{D817B45A-C689-4B3D-A9DC-ECD6FF07556A}.Debug|Any CPU.Build.0 = Debug|Any CPU
		{D817B45A-C689-4B3D-A9DC-ECD6FF07556A}.Homolog|Any CPU.ActiveCfg = Debug|Any CPU
		{D817B45A-C689-4B3D-A9DC-ECD6FF07556A}.Homolog|Any CPU.Build.0 = Debug|Any CPU
		{D817B45A-C689-4B3D-A9DC-ECD6FF07556A}.Migration|Any CPU.ActiveCfg = Debug|Any CPU
		{D817B45A-C689-4B3D-A9DC-ECD6FF07556A}.Migration|Any CPU.Build.0 = Debug|Any CPU
		{D817B45A-C689-4B3D-A9DC-ECD6FF07556A}.Pre-Production|Any CPU.ActiveCfg = Debug|Any CPU
		{D817B45A-C689-4B3D-A9DC-ECD6FF07556A}.Pre-Production|Any CPU.Build.0 = Debug|Any CPU
		{D817B45A-C689-4B3D-A9DC-ECD6FF07556A}.Release|Any CPU.ActiveCfg = Release|Any CPU
		{D817B45A-C689-4B3D-A9DC-ECD6FF07556A}.Release|Any CPU.Build.0 = Release|Any CPU
		{687F363D-8E2E-441F-B5E0-DBDA0E436228}.Azure|Any CPU.ActiveCfg = Debug|Any CPU
		{687F363D-8E2E-441F-B5E0-DBDA0E436228}.Azure|Any CPU.Build.0 = Debug|Any CPU
		{687F363D-8E2E-441F-B5E0-DBDA0E436228}.Debug|Any CPU.ActiveCfg = Debug|Any CPU
		{687F363D-8E2E-441F-B5E0-DBDA0E436228}.Debug|Any CPU.Build.0 = Debug|Any CPU
		{687F363D-8E2E-441F-B5E0-DBDA0E436228}.Homolog|Any CPU.ActiveCfg = Debug|Any CPU
		{687F363D-8E2E-441F-B5E0-DBDA0E436228}.Homolog|Any CPU.Build.0 = Debug|Any CPU
		{687F363D-8E2E-441F-B5E0-DBDA0E436228}.Migration|Any CPU.ActiveCfg = Debug|Any CPU
		{687F363D-8E2E-441F-B5E0-DBDA0E436228}.Migration|Any CPU.Build.0 = Debug|Any CPU
		{687F363D-8E2E-441F-B5E0-DBDA0E436228}.Pre-Production|Any CPU.ActiveCfg = Debug|Any CPU
		{687F363D-8E2E-441F-B5E0-DBDA0E436228}.Pre-Production|Any CPU.Build.0 = Debug|Any CPU
		{687F363D-8E2E-441F-B5E0-DBDA0E436228}.Release|Any CPU.ActiveCfg = Release|Any CPU
		{687F363D-8E2E-441F-B5E0-DBDA0E436228}.Release|Any CPU.Build.0 = Release|Any CPU
		{E0EEF1D0-AD7B-4A9F-99F4-98B9AC31DE9C}.Azure|Any CPU.ActiveCfg = Debug|Any CPU
		{E0EEF1D0-AD7B-4A9F-99F4-98B9AC31DE9C}.Azure|Any CPU.Build.0 = Debug|Any CPU
		{E0EEF1D0-AD7B-4A9F-99F4-98B9AC31DE9C}.Debug|Any CPU.ActiveCfg = Debug|Any CPU
		{E0EEF1D0-AD7B-4A9F-99F4-98B9AC31DE9C}.Debug|Any CPU.Build.0 = Debug|Any CPU
		{E0EEF1D0-AD7B-4A9F-99F4-98B9AC31DE9C}.Homolog|Any CPU.ActiveCfg = Debug|Any CPU
		{E0EEF1D0-AD7B-4A9F-99F4-98B9AC31DE9C}.Homolog|Any CPU.Build.0 = Debug|Any CPU
		{E0EEF1D0-AD7B-4A9F-99F4-98B9AC31DE9C}.Migration|Any CPU.ActiveCfg = Debug|Any CPU
		{E0EEF1D0-AD7B-4A9F-99F4-98B9AC31DE9C}.Migration|Any CPU.Build.0 = Debug|Any CPU
		{E0EEF1D0-AD7B-4A9F-99F4-98B9AC31DE9C}.Pre-Production|Any CPU.ActiveCfg = Debug|Any CPU
		{E0EEF1D0-AD7B-4A9F-99F4-98B9AC31DE9C}.Pre-Production|Any CPU.Build.0 = Debug|Any CPU
		{E0EEF1D0-AD7B-4A9F-99F4-98B9AC31DE9C}.Release|Any CPU.ActiveCfg = Release|Any CPU
		{E0EEF1D0-AD7B-4A9F-99F4-98B9AC31DE9C}.Release|Any CPU.Build.0 = Release|Any CPU
		{7371024F-8EA9-4FCB-8720-8D5C4EF4BB7E}.Azure|Any CPU.ActiveCfg = Debug|Any CPU
		{7371024F-8EA9-4FCB-8720-8D5C4EF4BB7E}.Azure|Any CPU.Build.0 = Debug|Any CPU
		{7371024F-8EA9-4FCB-8720-8D5C4EF4BB7E}.Debug|Any CPU.ActiveCfg = Debug|Any CPU
		{7371024F-8EA9-4FCB-8720-8D5C4EF4BB7E}.Debug|Any CPU.Build.0 = Debug|Any CPU
		{7371024F-8EA9-4FCB-8720-8D5C4EF4BB7E}.Homolog|Any CPU.ActiveCfg = Debug|Any CPU
		{7371024F-8EA9-4FCB-8720-8D5C4EF4BB7E}.Homolog|Any CPU.Build.0 = Debug|Any CPU
		{7371024F-8EA9-4FCB-8720-8D5C4EF4BB7E}.Migration|Any CPU.ActiveCfg = Debug|Any CPU
		{7371024F-8EA9-4FCB-8720-8D5C4EF4BB7E}.Migration|Any CPU.Build.0 = Debug|Any CPU
		{7371024F-8EA9-4FCB-8720-8D5C4EF4BB7E}.Pre-Production|Any CPU.ActiveCfg = Debug|Any CPU
		{7371024F-8EA9-4FCB-8720-8D5C4EF4BB7E}.Pre-Production|Any CPU.Build.0 = Debug|Any CPU
		{7371024F-8EA9-4FCB-8720-8D5C4EF4BB7E}.Release|Any CPU.ActiveCfg = Release|Any CPU
		{7371024F-8EA9-4FCB-8720-8D5C4EF4BB7E}.Release|Any CPU.Build.0 = Release|Any CPU
		{A2195BFC-766E-4BDD-B58D-B6911DDE6857}.Azure|Any CPU.ActiveCfg = Debug|Any CPU
		{A2195BFC-766E-4BDD-B58D-B6911DDE6857}.Azure|Any CPU.Build.0 = Debug|Any CPU
		{A2195BFC-766E-4BDD-B58D-B6911DDE6857}.Debug|Any CPU.ActiveCfg = Debug|Any CPU
		{A2195BFC-766E-4BDD-B58D-B6911DDE6857}.Debug|Any CPU.Build.0 = Debug|Any CPU
		{A2195BFC-766E-4BDD-B58D-B6911DDE6857}.Homolog|Any CPU.ActiveCfg = Debug|Any CPU
		{A2195BFC-766E-4BDD-B58D-B6911DDE6857}.Homolog|Any CPU.Build.0 = Debug|Any CPU
		{A2195BFC-766E-4BDD-B58D-B6911DDE6857}.Migration|Any CPU.ActiveCfg = Debug|Any CPU
		{A2195BFC-766E-4BDD-B58D-B6911DDE6857}.Migration|Any CPU.Build.0 = Debug|Any CPU
		{A2195BFC-766E-4BDD-B58D-B6911DDE6857}.Pre-Production|Any CPU.ActiveCfg = Debug|Any CPU
		{A2195BFC-766E-4BDD-B58D-B6911DDE6857}.Pre-Production|Any CPU.Build.0 = Debug|Any CPU
		{A2195BFC-766E-4BDD-B58D-B6911DDE6857}.Release|Any CPU.ActiveCfg = Release|Any CPU
		{A2195BFC-766E-4BDD-B58D-B6911DDE6857}.Release|Any CPU.Build.0 = Release|Any CPU
		{146A51DF-CB44-445D-95F1-5ADC34BF647A}.Azure|Any CPU.ActiveCfg = Debug|Any CPU
		{146A51DF-CB44-445D-95F1-5ADC34BF647A}.Azure|Any CPU.Build.0 = Debug|Any CPU
		{146A51DF-CB44-445D-95F1-5ADC34BF647A}.Debug|Any CPU.ActiveCfg = Debug|Any CPU
		{146A51DF-CB44-445D-95F1-5ADC34BF647A}.Debug|Any CPU.Build.0 = Debug|Any CPU
		{146A51DF-CB44-445D-95F1-5ADC34BF647A}.Homolog|Any CPU.ActiveCfg = Debug|Any CPU
		{146A51DF-CB44-445D-95F1-5ADC34BF647A}.Homolog|Any CPU.Build.0 = Debug|Any CPU
		{146A51DF-CB44-445D-95F1-5ADC34BF647A}.Migration|Any CPU.ActiveCfg = Debug|Any CPU
		{146A51DF-CB44-445D-95F1-5ADC34BF647A}.Migration|Any CPU.Build.0 = Debug|Any CPU
		{146A51DF-CB44-445D-95F1-5ADC34BF647A}.Pre-Production|Any CPU.ActiveCfg = Debug|Any CPU
		{146A51DF-CB44-445D-95F1-5ADC34BF647A}.Pre-Production|Any CPU.Build.0 = Debug|Any CPU
		{146A51DF-CB44-445D-95F1-5ADC34BF647A}.Release|Any CPU.ActiveCfg = Release|Any CPU
		{146A51DF-CB44-445D-95F1-5ADC34BF647A}.Release|Any CPU.Build.0 = Release|Any CPU
		{3ABEE050-694D-43AE-B63F-83A47276D840}.Azure|Any CPU.ActiveCfg = Debug|Any CPU
		{3ABEE050-694D-43AE-B63F-83A47276D840}.Azure|Any CPU.Build.0 = Debug|Any CPU
		{3ABEE050-694D-43AE-B63F-83A47276D840}.Debug|Any CPU.ActiveCfg = Debug|Any CPU
		{3ABEE050-694D-43AE-B63F-83A47276D840}.Homolog|Any CPU.ActiveCfg = Debug|Any CPU
		{3ABEE050-694D-43AE-B63F-83A47276D840}.Homolog|Any CPU.Build.0 = Debug|Any CPU
		{3ABEE050-694D-43AE-B63F-83A47276D840}.Migration|Any CPU.ActiveCfg = Debug|Any CPU
		{3ABEE050-694D-43AE-B63F-83A47276D840}.Migration|Any CPU.Build.0 = Debug|Any CPU
		{3ABEE050-694D-43AE-B63F-83A47276D840}.Pre-Production|Any CPU.ActiveCfg = Debug|Any CPU
		{3ABEE050-694D-43AE-B63F-83A47276D840}.Pre-Production|Any CPU.Build.0 = Debug|Any CPU
		{3ABEE050-694D-43AE-B63F-83A47276D840}.Release|Any CPU.ActiveCfg = Debug|Any CPU
		{3ABEE050-694D-43AE-B63F-83A47276D840}.Release|Any CPU.Build.0 = Debug|Any CPU
		{E80D8366-1F49-48E1-B61D-90ED1092C856}.Azure|Any CPU.ActiveCfg = Debug|Any CPU
		{E80D8366-1F49-48E1-B61D-90ED1092C856}.Azure|Any CPU.Build.0 = Debug|Any CPU
		{E80D8366-1F49-48E1-B61D-90ED1092C856}.Azure|Any CPU.Deploy.0 = Debug|Any CPU
		{E80D8366-1F49-48E1-B61D-90ED1092C856}.Debug|Any CPU.ActiveCfg = Debug|Any CPU
		{E80D8366-1F49-48E1-B61D-90ED1092C856}.Debug|Any CPU.Build.0 = Debug|Any CPU
		{E80D8366-1F49-48E1-B61D-90ED1092C856}.Debug|Any CPU.Deploy.0 = Debug|Any CPU
		{E80D8366-1F49-48E1-B61D-90ED1092C856}.Homolog|Any CPU.ActiveCfg = Debug|Any CPU
		{E80D8366-1F49-48E1-B61D-90ED1092C856}.Homolog|Any CPU.Build.0 = Debug|Any CPU
		{E80D8366-1F49-48E1-B61D-90ED1092C856}.Homolog|Any CPU.Deploy.0 = Debug|Any CPU
		{E80D8366-1F49-48E1-B61D-90ED1092C856}.Migration|Any CPU.ActiveCfg = Debug|Any CPU
		{E80D8366-1F49-48E1-B61D-90ED1092C856}.Migration|Any CPU.Build.0 = Debug|Any CPU
		{E80D8366-1F49-48E1-B61D-90ED1092C856}.Migration|Any CPU.Deploy.0 = Debug|Any CPU
		{E80D8366-1F49-48E1-B61D-90ED1092C856}.Pre-Production|Any CPU.ActiveCfg = Debug|Any CPU
		{E80D8366-1F49-48E1-B61D-90ED1092C856}.Pre-Production|Any CPU.Build.0 = Debug|Any CPU
		{E80D8366-1F49-48E1-B61D-90ED1092C856}.Pre-Production|Any CPU.Deploy.0 = Debug|Any CPU
		{E80D8366-1F49-48E1-B61D-90ED1092C856}.Release|Any CPU.ActiveCfg = Release|Any CPU
		{E80D8366-1F49-48E1-B61D-90ED1092C856}.Release|Any CPU.Build.0 = Release|Any CPU
		{E80D8366-1F49-48E1-B61D-90ED1092C856}.Release|Any CPU.Deploy.0 = Release|Any CPU
		{AC8EE158-F411-44CD-9481-44E1F43EE95B}.Azure|Any CPU.ActiveCfg = Debug|Any CPU
		{AC8EE158-F411-44CD-9481-44E1F43EE95B}.Azure|Any CPU.Build.0 = Debug|Any CPU
		{AC8EE158-F411-44CD-9481-44E1F43EE95B}.Debug|Any CPU.ActiveCfg = Debug|Any CPU
		{AC8EE158-F411-44CD-9481-44E1F43EE95B}.Debug|Any CPU.Build.0 = Debug|Any CPU
		{AC8EE158-F411-44CD-9481-44E1F43EE95B}.Homolog|Any CPU.ActiveCfg = Debug|Any CPU
		{AC8EE158-F411-44CD-9481-44E1F43EE95B}.Homolog|Any CPU.Build.0 = Debug|Any CPU
		{AC8EE158-F411-44CD-9481-44E1F43EE95B}.Migration|Any CPU.ActiveCfg = Debug|Any CPU
		{AC8EE158-F411-44CD-9481-44E1F43EE95B}.Migration|Any CPU.Build.0 = Debug|Any CPU
		{AC8EE158-F411-44CD-9481-44E1F43EE95B}.Pre-Production|Any CPU.ActiveCfg = Debug|Any CPU
		{AC8EE158-F411-44CD-9481-44E1F43EE95B}.Pre-Production|Any CPU.Build.0 = Debug|Any CPU
		{AC8EE158-F411-44CD-9481-44E1F43EE95B}.Release|Any CPU.ActiveCfg = Release|Any CPU
		{AC8EE158-F411-44CD-9481-44E1F43EE95B}.Release|Any CPU.Build.0 = Release|Any CPU
		{11B91DCC-82DD-4A27-9DB3-23EBEEF54DD6}.Azure|Any CPU.ActiveCfg = Debug|Any CPU
		{11B91DCC-82DD-4A27-9DB3-23EBEEF54DD6}.Azure|Any CPU.Build.0 = Debug|Any CPU
		{11B91DCC-82DD-4A27-9DB3-23EBEEF54DD6}.Debug|Any CPU.ActiveCfg = Debug|Any CPU
		{11B91DCC-82DD-4A27-9DB3-23EBEEF54DD6}.Debug|Any CPU.Build.0 = Debug|Any CPU
		{11B91DCC-82DD-4A27-9DB3-23EBEEF54DD6}.Homolog|Any CPU.ActiveCfg = Debug|Any CPU
		{11B91DCC-82DD-4A27-9DB3-23EBEEF54DD6}.Homolog|Any CPU.Build.0 = Debug|Any CPU
		{11B91DCC-82DD-4A27-9DB3-23EBEEF54DD6}.Migration|Any CPU.ActiveCfg = Debug|Any CPU
		{11B91DCC-82DD-4A27-9DB3-23EBEEF54DD6}.Migration|Any CPU.Build.0 = Debug|Any CPU
		{11B91DCC-82DD-4A27-9DB3-23EBEEF54DD6}.Pre-Production|Any CPU.ActiveCfg = Debug|Any CPU
		{11B91DCC-82DD-4A27-9DB3-23EBEEF54DD6}.Pre-Production|Any CPU.Build.0 = Debug|Any CPU
		{11B91DCC-82DD-4A27-9DB3-23EBEEF54DD6}.Release|Any CPU.ActiveCfg = Release|Any CPU
		{11B91DCC-82DD-4A27-9DB3-23EBEEF54DD6}.Release|Any CPU.Build.0 = Release|Any CPU
	EndGlobalSection
	GlobalSection(SolutionProperties) = preSolution
		HideSolutionNode = FALSE
	EndGlobalSection
	GlobalSection(NestedProjects) = preSolution
		{62327439-5422-42AB-96E5-4058B2D5D3BF} = {79AD8765-71C3-48FE-ACF5-82641B43CDA1}
		{0732E65D-A9BB-46F0-8190-13A4F12FB7DB} = {8B8A41C9-6998-495A-A11E-47C6BA5CCEAF}
		{F4EF48E6-6021-40FF-B943-6724302A5FA1} = {8B8A41C9-6998-495A-A11E-47C6BA5CCEAF}
		{587CF8FE-5090-459D-AF70-50D665BAADE9} = {011CD2C7-D3E3-4A7C-A3DF-BD7F29823F63}
		{2AA54B4A-AEAA-4409-88FC-1AACAF431F23} = {011CD2C7-D3E3-4A7C-A3DF-BD7F29823F63}
		{D888493A-DF0C-42AB-913A-F91B32F197AA} = {011CD2C7-D3E3-4A7C-A3DF-BD7F29823F63}
		{60568E72-8D22-47F8-9750-45374FD5404F} = {6F680235-4896-4310-8969-2B876A6B374D}
		{F088C745-6203-4F98-8867-DC9A9BE7ECAC} = {11C89BE7-58AF-45DA-AE92-69AF95C2BF47}
		{9568AD63-3CAC-4E50-B8CC-BA99B964A249} = {8497F8A9-8E33-4407-A6F7-4323713FEB36}
		{D817B45A-C689-4B3D-A9DC-ECD6FF07556A} = {8497F8A9-8E33-4407-A6F7-4323713FEB36}
		{687F363D-8E2E-441F-B5E0-DBDA0E436228} = {8497F8A9-8E33-4407-A6F7-4323713FEB36}
		{E0EEF1D0-AD7B-4A9F-99F4-98B9AC31DE9C} = {8497F8A9-8E33-4407-A6F7-4323713FEB36}
		{7371024F-8EA9-4FCB-8720-8D5C4EF4BB7E} = {8497F8A9-8E33-4407-A6F7-4323713FEB36}
		{A2195BFC-766E-4BDD-B58D-B6911DDE6857} = {8497F8A9-8E33-4407-A6F7-4323713FEB36}
		{146A51DF-CB44-445D-95F1-5ADC34BF647A} = {011CD2C7-D3E3-4A7C-A3DF-BD7F29823F63}
		{3ABEE050-694D-43AE-B63F-83A47276D840} = {1BDD72EA-F258-4FAC-AFEB-989CB5A969C2}
		{E80D8366-1F49-48E1-B61D-90ED1092C856} = {6F680235-4896-4310-8969-2B876A6B374D}
		{AC8EE158-F411-44CD-9481-44E1F43EE95B} = {C51C1997-89ED-4BAB-879A-8F527C20C4B5}
		{11B91DCC-82DD-4A27-9DB3-23EBEEF54DD6} = {59E331DC-2E90-4938-8D93-DECCFE06CC79}
	EndGlobalSection
	GlobalSection(ExtensibilityGlobals) = postSolution
		SolutionGuid = {EFDFB55C-9C8A-492B-B051-E813060D6DC9}
	EndGlobalSection
EndGlobal
